
Microsoft Visual Studio Solution File, Format Version 12.00
# Visual Studio Version 17
VisualStudioVersion = 17.12.35527.113 d17.12
MinimumVisualStudioVersion = 10.0.40219.1
Project("{2150E333-8FDC-42A3-9474-1A3956D46DE8}") = "src", "src", "{98239A43-C5C1-41D8-A446-D3376C75D261}"
EndProject
Project("{FAE04EC0-301F-11D3-BF4B-00C04F79EFBC}") = "IRMSGen.Contracts", "src\IRMSGen.Contracts\IRMSGen.Contracts.csproj", "{D4C7B9ED-09DE-470B-8006-DD8170F331ED}"
EndProject
Project("{FAE04EC0-301F-11D3-BF4B-00C04F79EFBC}") = "IRMSGen.Domain", "src\IRMSGen.Domain\IRMSGen.Domain.csproj", "{ED6B66B1-CF12-4450-9AB4-7A8671500B3D}"
EndProject
Project("{FAE04EC0-301F-11D3-BF4B-00C04F79EFBC}") = "IRMSGen.Application", "src\IRMSGen.Application\IRMSGen.Application.csproj", "{896DBE77-8C3B-4881-B2D8-752E623BA57D}"
EndProject
Project("{FAE04EC0-301F-11D3-BF4B-00C04F79EFBC}") = "IRMSGen.Infrastructure", "src\IRMSGen.Infrastructure\IRMSGen.Infrastructure.csproj", "{573DBD15-F9ED-4B53-A2F5-EDEADEB38581}"
EndProject
Project("{FAE04EC0-301F-11D3-BF4B-00C04F79EFBC}") = "IRMSGen.Generator", "src\IRMSGen.Generator\IRMSGen.Generator.csproj", "{29B3AF6F-A4BA-4110-82E6-84E3CDAED152}"
EndProject
Project("{FAE04EC0-301F-11D3-BF4B-00C04F79EFBC}") = "IRMSGen.Cli", "src\IRMSGen.Cli\IRMSGen.Cli.csproj", "{5DA8FA46-11B5-4A81-9F3C-32C7BFE0E31A}"
EndProject
Project("{FAE04EC0-301F-11D3-BF4B-00C04F79EFBC}") = "IRMSGen.App", "src\IRMSGen.App\IRMSGen.App.csproj", "{B8C8278A-984D-47A7-BB04-58A34526B065}"
EndProject
Global
	GlobalSection(SolutionProperties) = preSolution
		HideSolutionNode = FALSE
	EndGlobalSection
	GlobalSection(SolutionConfigurationPlatforms) = preSolution
		Debug|Any CPU = Debug|Any CPU
		Debug|x64 = Debug|x64
		Debug|x86 = Debug|x86
		Release|Any CPU = Release|Any CPU
		Release|x64 = Release|x64
		Release|x86 = Release|x86
	EndGlobalSection
	GlobalSection(ProjectConfigurationPlatforms) = postSolution
		{D4C7B9ED-09DE-470B-8006-DD8170F331ED}.Debug|Any CPU.ActiveCfg = Debug|Any CPU
		{D4C7B9ED-09DE-470B-8006-DD8170F331ED}.Debug|Any CPU.Build.0 = Debug|Any CPU
		{D4C7B9ED-09DE-470B-8006-DD8170F331ED}.Debug|x64.ActiveCfg = Debug|Any CPU
		{D4C7B9ED-09DE-470B-8006-DD8170F331ED}.Debug|x64.Build.0 = Debug|Any CPU
		{D4C7B9ED-09DE-470B-8006-DD8170F331ED}.Debug|x86.ActiveCfg = Debug|Any CPU
		{D4C7B9ED-09DE-470B-8006-DD8170F331ED}.Debug|x86.Build.0 = Debug|Any CPU
		{D4C7B9ED-09DE-470B-8006-DD8170F331ED}.Release|Any CPU.ActiveCfg = Release|Any CPU
		{D4C7B9ED-09DE-470B-8006-DD8170F331ED}.Release|Any CPU.Build.0 = Release|Any CPU
		{D4C7B9ED-09DE-470B-8006-DD8170F331ED}.Release|x64.ActiveCfg = Release|Any CPU
		{D4C7B9ED-09DE-470B-8006-DD8170F331ED}.Release|x64.Build.0 = Release|Any CPU
		{D4C7B9ED-09DE-470B-8006-DD8170F331ED}.Release|x86.ActiveCfg = Release|Any CPU
		{D4C7B9ED-09DE-470B-8006-DD8170F331ED}.Release|x86.Build.0 = Release|Any CPU
		{ED6B66B1-CF12-4450-9AB4-7A8671500B3D}.Debug|Any CPU.ActiveCfg = Debug|Any CPU
		{ED6B66B1-CF12-4450-9AB4-7A8671500B3D}.Debug|Any CPU.Build.0 = Debug|Any CPU
		{ED6B66B1-CF12-4450-9AB4-7A8671500B3D}.Debug|x64.ActiveCfg = Debug|Any CPU
		{ED6B66B1-CF12-4450-9AB4-7A8671500B3D}.Debug|x64.Build.0 = Debug|Any CPU
		{ED6B66B1-CF12-4450-9AB4-7A8671500B3D}.Debug|x86.ActiveCfg = Debug|Any CPU
		{ED6B66B1-CF12-4450-9AB4-7A8671500B3D}.Debug|x86.Build.0 = Debug|Any CPU
		{ED6B66B1-CF12-4450-9AB4-7A8671500B3D}.Release|Any CPU.ActiveCfg = Release|Any CPU
		{ED6B66B1-CF12-4450-9AB4-7A8671500B3D}.Release|Any CPU.Build.0 = Release|Any CPU
		{ED6B66B1-CF12-4450-9AB4-7A8671500B3D}.Release|x64.ActiveCfg = Release|Any CPU
		{ED6B66B1-CF12-4450-9AB4-7A8671500B3D}.Release|x64.Build.0 = Release|Any CPU
		{ED6B66B1-CF12-4450-9AB4-7A8671500B3D}.Release|x86.ActiveCfg = Release|Any CPU
		{ED6B66B1-CF12-4450-9AB4-7A8671500B3D}.Release|x86.Build.0 = Release|Any CPU
		{896DBE77-8C3B-4881-B2D8-752E623BA57D}.Debug|Any CPU.ActiveCfg = Debug|Any CPU
		{896DBE77-8C3B-4881-B2D8-752E623BA57D}.Debug|Any CPU.Build.0 = Debug|Any CPU
		{896DBE77-8C3B-4881-B2D8-752E623BA57D}.Debug|x64.ActiveCfg = Debug|Any CPU
		{896DBE77-8C3B-4881-B2D8-752E623BA57D}.Debug|x64.Build.0 = Debug|Any CPU
		{896DBE77-8C3B-4881-B2D8-752E623BA57D}.Debug|x86.ActiveCfg = Debug|Any CPU
		{896DBE77-8C3B-4881-B2D8-752E623BA57D}.Debug|x86.Build.0 = Debug|Any CPU
		{896DBE77-8C3B-4881-B2D8-752E623BA57D}.Release|Any CPU.ActiveCfg = Release|Any CPU
		{896DBE77-8C3B-4881-B2D8-752E623BA57D}.Release|Any CPU.Build.0 = Release|Any CPU
		{896DBE77-8C3B-4881-B2D8-752E623BA57D}.Release|x64.ActiveCfg = Release|Any CPU
		{896DBE77-8C3B-4881-B2D8-752E623BA57D}.Release|x64.Build.0 = Release|Any CPU
		{896DBE77-8C3B-4881-B2D8-752E623BA57D}.Release|x86.ActiveCfg = Release|Any CPU
		{896DBE77-8C3B-4881-B2D8-752E623BA57D}.Release|x86.Build.0 = Release|Any CPU
		{573DBD15-F9ED-4B53-A2F5-EDEADEB38581}.Debug|Any CPU.ActiveCfg = Debug|Any CPU
		{573DBD15-F9ED-4B53-A2F5-EDEADEB38581}.Debug|Any CPU.Build.0 = Debug|Any CPU
		{573DBD15-F9ED-4B53-A2F5-EDEADEB38581}.Debug|x64.ActiveCfg = Debug|Any CPU
		{573DBD15-F9ED-4B53-A2F5-EDEADEB38581}.Debug|x64.Build.0 = Debug|Any CPU
		{573DBD15-F9ED-4B53-A2F5-EDEADEB38581}.Debug|x86.ActiveCfg = Debug|Any CPU
		{573DBD15-F9ED-4B53-A2F5-EDEADEB38581}.Debug|x86.Build.0 = Debug|Any CPU
		{573DBD15-F9ED-4B53-A2F5-EDEADEB38581}.Release|Any CPU.ActiveCfg = Release|Any CPU
		{573DBD15-F9ED-4B53-A2F5-EDEADEB38581}.Release|Any CPU.Build.0 = Release|Any CPU
		{573DBD15-F9ED-4B53-A2F5-EDEADEB38581}.Release|x64.ActiveCfg = Release|Any CPU
		{573DBD15-F9ED-4B53-A2F5-EDEADEB38581}.Release|x64.Build.0 = Release|Any CPU
		{573DBD15-F9ED-4B53-A2F5-EDEADEB38581}.Release|x86.ActiveCfg = Release|Any CPU
		{573DBD15-F9ED-4B53-A2F5-EDEADEB38581}.Release|x86.Build.0 = Release|Any CPU
		{29B3AF6F-A4BA-4110-82E6-84E3CDAED152}.Debug|Any CPU.ActiveCfg = Debug|Any CPU
		{29B3AF6F-A4BA-4110-82E6-84E3CDAED152}.Debug|Any CPU.Build.0 = Debug|Any CPU
		{29B3AF6F-A4BA-4110-82E6-84E3CDAED152}.Debug|x64.ActiveCfg = Debug|Any CPU
		{29B3AF6F-A4BA-4110-82E6-84E3CDAED152}.Debug|x64.Build.0 = Debug|Any CPU
		{29B3AF6F-A4BA-4110-82E6-84E3CDAED152}.Debug|x86.ActiveCfg = Debug|Any CPU
		{29B3AF6F-A4BA-4110-82E6-84E3CDAED152}.Debug|x86.Build.0 = Debug|Any CPU
		{29B3AF6F-A4BA-4110-82E6-84E3CDAED152}.Release|Any CPU.ActiveCfg = Release|Any CPU
		{29B3AF6F-A4BA-4110-82E6-84E3CDAED152}.Release|Any CPU.Build.0 = Release|Any CPU
		{29B3AF6F-A4BA-4110-82E6-84E3CDAED152}.Release|x64.ActiveCfg = Release|Any CPU
		{29B3AF6F-A4BA-4110-82E6-84E3CDAED152}.Release|x64.Build.0 = Release|Any CPU
		{29B3AF6F-A4BA-4110-82E6-84E3CDAED152}.Release|x86.ActiveCfg = Release|Any CPU
		{29B3AF6F-A4BA-4110-82E6-84E3CDAED152}.Release|x86.Build.0 = Release|Any CPU
		{5DA8FA46-11B5-4A81-9F3C-32C7BFE0E31A}.Debug|Any CPU.ActiveCfg = Debug|Any CPU
		{5DA8FA46-11B5-4A81-9F3C-32C7BFE0E31A}.Debug|Any CPU.Build.0 = Debug|Any CPU
		{5DA8FA46-11B5-4A81-9F3C-32C7BFE0E31A}.Debug|x64.ActiveCfg = Debug|Any CPU
		{5DA8FA46-11B5-4A81-9F3C-32C7BFE0E31A}.Debug|x64.Build.0 = Debug|Any CPU
		{5DA8FA46-11B5-4A81-9F3C-32C7BFE0E31A}.Debug|x86.ActiveCfg = Debug|Any CPU
		{5DA8FA46-11B5-4A81-9F3C-32C7BFE0E31A}.Debug|x86.Build.0 = Debug|Any CPU
		{5DA8FA46-11B5-4A81-9F3C-32C7BFE0E31A}.Release|Any CPU.ActiveCfg = Release|Any CPU
		{5DA8FA46-11B5-4A81-9F3C-32C7BFE0E31A}.Release|Any CPU.Build.0 = Release|Any CPU
		{5DA8FA46-11B5-4A81-9F3C-32C7BFE0E31A}.Release|x64.ActiveCfg = Release|Any CPU
		{5DA8FA46-11B5-4A81-9F3C-32C7BFE0E31A}.Release|x64.Build.0 = Release|Any CPU
		{5DA8FA46-11B5-4A81-9F3C-32C7BFE0E31A}.Release|x86.ActiveCfg = Release|Any CPU
		{5DA8FA46-11B5-4A81-9F3C-32C7BFE0E31A}.Release|x86.Build.0 = Release|Any CPU
		{B8C8278A-984D-47A7-BB04-58A34526B065}.Debug|Any CPU.ActiveCfg = Debug|Any CPU
		{B8C8278A-984D-47A7-BB04-58A34526B065}.Debug|Any CPU.Build.0 = Debug|Any CPU
		{B8C8278A-984D-47A7-BB04-58A34526B065}.Debug|x64.ActiveCfg = Debug|Any CPU
		{B8C8278A-984D-47A7-BB04-58A34526B065}.Debug|x64.Build.0 = Debug|Any CPU
		{B8C8278A-984D-47A7-BB04-58A34526B065}.Debug|x86.ActiveCfg = Debug|Any CPU
		{B8C8278A-984D-47A7-BB04-58A34526B065}.Debug|x86.Build.0 = Debug|Any CPU
		{B8C8278A-984D-47A7-BB04-58A34526B065}.Release|Any CPU.ActiveCfg = Release|Any CPU
		{B8C8278A-984D-47A7-BB04-58A34526B065}.Release|Any CPU.Build.0 = Release|Any CPU
		{B8C8278A-984D-47A7-BB04-58A34526B065}.Release|x64.ActiveCfg = Release|Any CPU
		{B8C8278A-984D-47A7-BB04-58A34526B065}.Release|x64.Build.0 = Release|Any CPU
		{B8C8278A-984D-47A7-BB04-58A34526B065}.Release|x86.ActiveCfg = Release|Any CPU
		{B8C8278A-984D-47A7-BB04-58A34526B065}.Release|x86.Build.0 = Release|Any CPU
	EndGlobalSection
	GlobalSection(NestedProjects) = preSolution
		{D4C7B9ED-09DE-470B-8006-DD8170F331ED} = {98239A43-C5C1-41D8-A446-D3376C75D261}
		{ED6B66B1-CF12-4450-9AB4-7A8671500B3D} = {98239A43-C5C1-41D8-A446-D3376C75D261}
		{896DBE77-8C3B-4881-B2D8-752E623BA57D} = {98239A43-C5C1-41D8-A446-D3376C75D261}
		{573DBD15-F9ED-4B53-A2F5-EDEADEB38581} = {98239A43-C5C1-41D8-A446-D3376C75D261}
		{29B3AF6F-A4BA-4110-82E6-84E3CDAED152} = {98239A43-C5C1-41D8-A446-D3376C75D261}
		{5DA8FA46-11B5-4A81-9F3C-32C7BFE0E31A} = {98239A43-C5C1-41D8-A446-D3376C75D261}
		{B8C8278A-984D-47A7-BB04-58A34526B065} = {98239A43-C5C1-41D8-A446-D3376C75D261}
	EndGlobalSection
EndGlobal
